
Microsoft Visual Studio Solution File, Format Version 12.00
# Visual Studio Version 17
VisualStudioVersion = 17.5.33424.131
MinimumVisualStudioVersion = 10.0.40219.1
Project("{9A19103F-16F7-4668-BE54-9A1E7A4F7556}") = "BridgeOpsConsole", "BridgeOpsConsole\BridgeOpsConsole.csproj", "{39113B98-ED99-4836-84F4-9116EF0BBCD2}"
EndProject
Project("{9A19103F-16F7-4668-BE54-9A1E7A4F7556}") = "BridgeOpsAgent", "BridgeOpsAgent\BridgeOpsAgent.csproj", "{A62C2BA7-6011-4A24-A548-B4E6CE899C59}"
EndProject
Project("{9A19103F-16F7-4668-BE54-9A1E7A4F7556}") = "BridgeOpsClient", "BridgeOpsClient\BridgeOpsClient.csproj", "{5A4022FF-888C-4F67-9811-6E354516ACB8}"
EndProject
Project("{2150E333-8FDC-42A3-9474-1A3956D46DE8}") = "Solution Items", "Solution Items", "{56805214-A060-4AFE-896D-56B1FB49990D}"
	ProjectSection(SolutionItems) = preProject
		TODO.txt = TODO.txt
	EndProjectSection
EndProject
Global
	GlobalSection(SolutionConfigurationPlatforms) = preSolution
		Debug|Any CPU = Debug|Any CPU
		Release|Any CPU = Release|Any CPU
	EndGlobalSection
	GlobalSection(ProjectConfigurationPlatforms) = postSolution
		{39113B98-ED99-4836-84F4-9116EF0BBCD2}.Debug|Any CPU.ActiveCfg = Debug|Any CPU
		{39113B98-ED99-4836-84F4-9116EF0BBCD2}.Debug|Any CPU.Build.0 = Debug|Any CPU
		{39113B98-ED99-4836-84F4-9116EF0BBCD2}.Release|Any CPU.ActiveCfg = Release|Any CPU
		{39113B98-ED99-4836-84F4-9116EF0BBCD2}.Release|Any CPU.Build.0 = Release|Any CPU
		{A62C2BA7-6011-4A24-A548-B4E6CE899C59}.Debug|Any CPU.ActiveCfg = Debug|Any CPU
		{A62C2BA7-6011-4A24-A548-B4E6CE899C59}.Debug|Any CPU.Build.0 = Debug|Any CPU
		{A62C2BA7-6011-4A24-A548-B4E6CE899C59}.Release|Any CPU.ActiveCfg = Release|Any CPU
		{A62C2BA7-6011-4A24-A548-B4E6CE899C59}.Release|Any CPU.Build.0 = Release|Any CPU
		{5A4022FF-888C-4F67-9811-6E354516ACB8}.Debug|Any CPU.ActiveCfg = Debug|Any CPU
		{5A4022FF-888C-4F67-9811-6E354516ACB8}.Debug|Any CPU.Build.0 = Debug|Any CPU
		{5A4022FF-888C-4F67-9811-6E354516ACB8}.Release|Any CPU.ActiveCfg = Release|Any CPU
		{5A4022FF-888C-4F67-9811-6E354516ACB8}.Release|Any CPU.Build.0 = Release|Any CPU
	EndGlobalSection
	GlobalSection(SolutionProperties) = preSolution
		HideSolutionNode = FALSE
	EndGlobalSection
	GlobalSection(ExtensibilityGlobals) = postSolution
		SolutionGuid = {F7C02B11-AB9E-453C-B204-5A313FB721B6}
	EndGlobalSection
EndGlobal
